
Microsoft Visual Studio Solution File, Format Version 11.00
# Visual Studio 2010
Project("{FAE04EC0-301F-11D3-BF4B-00C04F79EFBC}") = "Assembly-CSharp", "Assembly-CSharp.csproj", "{e63590f8-7083-ae6d-0c7c-3659d3432416}"
EndProject
Global
	GlobalSection(SolutionConfigurationPlatforms) = preSolution
		Debug|Any CPU = Debug|Any CPU
		Release|Any CPU = Release|Any CPU
	EndGlobalSection
	GlobalSection(ProjectConfigurationPlatforms) = postSolution
		{e63590f8-7083-ae6d-0c7c-3659d3432416}.Debug|Any CPU.ActiveCfg = Debug|Any CPU
		{e63590f8-7083-ae6d-0c7c-3659d3432416}.Debug|Any CPU.Build.0 = Debug|Any CPU
		{e63590f8-7083-ae6d-0c7c-3659d3432416}.Release|Any CPU.ActiveCfg = Release|Any CPU
		{e63590f8-7083-ae6d-0c7c-3659d3432416}.Release|Any CPU.Build.0 = Release|Any CPU
	EndGlobalSection
	GlobalSection(SolutionProperties) = preSolution
		HideSolutionNode = FALSE
	EndGlobalSection
EndGlobal
